// !$*UTF8*$!
{
	archiveVersion = 1;
	classes = {
	};
	objectVersion = 50;
	objects = {

/* Begin PBXBuildFile section */
		4E040917225DB6CE0029CECB /* AppDelegate.swift in Sources */ = {isa = PBXBuildFile; fileRef = 4E040916225DB6CE0029CECB /* AppDelegate.swift */; };
		4E040919225DB6CE0029CECB /* ViewController.swift in Sources */ = {isa = PBXBuildFile; fileRef = 4E040918225DB6CE0029CECB /* ViewController.swift */; };
		4E04091C225DB6CE0029CECB /* Main.storyboard in Resources */ = {isa = PBXBuildFile; fileRef = 4E04091A225DB6CE0029CECB /* Main.storyboard */; };
		4E04091F225DB6CE0029CECB /* Custom_NavigationBar.xcdatamodeld in Sources */ = {isa = PBXBuildFile; fileRef = 4E04091D225DB6CE0029CECB /* Custom_NavigationBar.xcdatamodeld */; };
		4E040921225DB6D00029CECB /* Assets.xcassets in Resources */ = {isa = PBXBuildFile; fileRef = 4E040920225DB6D00029CECB /* Assets.xcassets */; };
		4E040924225DB6D00029CECB /* LaunchScreen.storyboard in Resources */ = {isa = PBXBuildFile; fileRef = 4E040922225DB6D00029CECB /* LaunchScreen.storyboard */; };
		4E04092F225DBDD80029CECB /* arrow-back@2x.png in Resources */ = {isa = PBXBuildFile; fileRef = 4E04092C225DBDD80029CECB /* arrow-back@2x.png */; };
		4E040930225DBDD80029CECB /* more@2x.png in Resources */ = {isa = PBXBuildFile; fileRef = 4E04092D225DBDD80029CECB /* more@2x.png */; };
		4E040931225DBDD80029CECB /* swift_logo@3x.png in Resources */ = {isa = PBXBuildFile; fileRef = 4E04092E225DBDD80029CECB /* swift_logo@3x.png */; };
/* End PBXBuildFile section */

/* Begin PBXFileReference section */
		4E040913225DB6CE0029CECB /* Custom-NavigationBar.app */ = {isa = PBXFileReference; explicitFileType = wrapper.application; includeInIndex = 0; path = "Custom-NavigationBar.app"; sourceTree = BUILT_PRODUCTS_DIR; };
		4E040916225DB6CE0029CECB /* AppDelegate.swift */ = {isa = PBXFileReference; lastKnownFileType = sourcecode.swift; path = AppDelegate.swift; sourceTree = "<group>"; };
		4E040918225DB6CE0029CECB /* ViewController.swift */ = {isa = PBXFileReference; lastKnownFileType = sourcecode.swift; path = ViewController.swift; sourceTree = "<group>"; };
		4E04091B225DB6CE0029CECB /* Base */ = {isa = PBXFileReference; lastKnownFileType = file.storyboard; name = Base; path = Base.lproj/Main.storyboard; sourceTree = "<group>"; };
		4E04091E225DB6CE0029CECB /* Custom_NavigationBar.xcdatamodel */ = {isa = PBXFileReference; lastKnownFileType = wrapper.xcdatamodel; path = Custom_NavigationBar.xcdatamodel; sourceTree = "<group>"; };
		4E040920225DB6D00029CECB /* Assets.xcassets */ = {isa = PBXFileReference; lastKnownFileType = folder.assetcatalog; path = Assets.xcassets; sourceTree = "<group>"; };
		4E040923225DB6D00029CECB /* Base */ = {isa = PBXFileReference; lastKnownFileType = file.storyboard; name = Base; path = Base.lproj/LaunchScreen.storyboard; sourceTree = "<group>"; };
		4E040925225DB6D00029CECB /* Info.plist */ = {isa = PBXFileReference; lastKnownFileType = text.plist.xml; path = Info.plist; sourceTree = "<group>"; };
		4E04092C225DBDD80029CECB /* arrow-back@2x.png */ = {isa = PBXFileReference; lastKnownFileType = image.png; path = "arrow-back@2x.png"; sourceTree = "<group>"; };
		4E04092D225DBDD80029CECB /* more@2x.png */ = {isa = PBXFileReference; lastKnownFileType = image.png; path = "more@2x.png"; sourceTree = "<group>"; };
		4E04092E225DBDD80029CECB /* swift_logo@3x.png */ = {isa = PBXFileReference; lastKnownFileType = image.png; path = "swift_logo@3x.png"; sourceTree = "<group>"; };
/* End PBXFileReference section */

/* Begin PBXFrameworksBuildPhase section */
		4E040910225DB6CE0029CECB /* Frameworks */ = {
			isa = PBXFrameworksBuildPhase;
			buildActionMask = 2147483647;
			files = (
			);
			runOnlyForDeploymentPostprocessing = 0;
		};
/* End PBXFrameworksBuildPhase section */

/* Begin PBXGroup section */
		4E04090A225DB6CE0029CECB = {
			isa = PBXGroup;
			children = (
				4E040915225DB6CE0029CECB /* Custom-NavigationBar */,
				4E040914225DB6CE0029CECB /* Products */,
			);
			sourceTree = "<group>";
		};
		4E040914225DB6CE0029CECB /* Products */ = {
			isa = PBXGroup;
			children = (
				4E040913225DB6CE0029CECB /* Custom-NavigationBar.app */,
			);
			name = Products;
			sourceTree = "<group>";
		};
		4E040915225DB6CE0029CECB /* Custom-NavigationBar */ = {
			isa = PBXGroup;
			children = (
				4E04092B225DBDBA0029CECB /* Resources */,
				4E040916225DB6CE0029CECB /* AppDelegate.swift */,
				4E040918225DB6CE0029CECB /* ViewController.swift */,
				4E04091A225DB6CE0029CECB /* Main.storyboard */,
				4E040920225DB6D00029CECB /* Assets.xcassets */,
				4E040922225DB6D00029CECB /* LaunchScreen.storyboard */,
				4E040925225DB6D00029CECB /* Info.plist */,
				4E04091D225DB6CE0029CECB /* Custom_NavigationBar.xcdatamodeld */,
			);
			path = "Custom-NavigationBar";
			sourceTree = "<group>";
		};
		4E04092B225DBDBA0029CECB /* Resources */ = {
			isa = PBXGroup;
			children = (
				4E04092C225DBDD80029CECB /* arrow-back@2x.png */,
				4E04092D225DBDD80029CECB /* more@2x.png */,
				4E04092E225DBDD80029CECB /* swift_logo@3x.png */,
			);
			path = Resources;
			sourceTree = "<group>";
		};
/* End PBXGroup section */

/* Begin PBXNativeTarget section */
		4E040912225DB6CE0029CECB /* Custom-NavigationBar */ = {
			isa = PBXNativeTarget;
			buildConfigurationList = 4E040928225DB6D00029CECB /* Build configuration list for PBXNativeTarget "Custom-NavigationBar" */;
			buildPhases = (
				4E04090F225DB6CE0029CECB /* Sources */,
				4E040910225DB6CE0029CECB /* Frameworks */,
				4E040911225DB6CE0029CECB /* Resources */,
			);
			buildRules = (
			);
			dependencies = (
			);
			name = "Custom-NavigationBar";
			productName = "Custom-NavigationBar";
			productReference = 4E040913225DB6CE0029CECB /* Custom-NavigationBar.app */;
			productType = "com.apple.product-type.application";
		};
/* End PBXNativeTarget section */

/* Begin PBXProject section */
		4E04090B225DB6CE0029CECB /* Project object */ = {
			isa = PBXProject;
			attributes = {
				LastSwiftUpdateCheck = 1020;
				LastUpgradeCheck = 1020;
				ORGANIZATIONNAME = "윤성호";
				TargetAttributes = {
					4E040912225DB6CE0029CECB = {
						CreatedOnToolsVersion = 10.2;
					};
				};
			};
			buildConfigurationList = 4E04090E225DB6CE0029CECB /* Build configuration list for PBXProject "Custom-NavigationBar" */;
			compatibilityVersion = "Xcode 9.3";
			developmentRegion = en;
			hasScannedForEncodings = 0;
			knownRegions = (
				en,
				Base,
			);
			mainGroup = 4E04090A225DB6CE0029CECB;
			productRefGroup = 4E040914225DB6CE0029CECB /* Products */;
			projectDirPath = "";
			projectRoot = "";
			targets = (
				4E040912225DB6CE0029CECB /* Custom-NavigationBar */,
			);
		};
/* End PBXProject section */

/* Begin PBXResourcesBuildPhase section */
		4E040911225DB6CE0029CECB /* Resources */ = {
			isa = PBXResourcesBuildPhase;
			buildActionMask = 2147483647;
			files = (
				4E040931225DBDD80029CECB /* swift_logo@3x.png in Resources */,
				4E040924225DB6D00029CECB /* LaunchScreen.storyboard in Resources */,
				4E040921225DB6D00029CECB /* Assets.xcassets in Resources */,
				4E04091C225DB6CE0029CECB /* Main.storyboard in Resources */,
				4E04092F225DBDD80029CECB /* arrow-back@2x.png in Resources */,
				4E040930225DBDD80029CECB /* more@2x.png in Resources */,
			);
			runOnlyForDeploymentPostprocessing = 0;
		};
/* End PBXResourcesBuildPhase section */

/* Begin PBXSourcesBuildPhase section */
		4E04090F225DB6CE0029CECB /* Sources */ = {
			isa = PBXSourcesBuildPhase;
			buildActionMask = 2147483647;
			files = (
				4E040919225DB6CE0029CECB /* ViewController.swift in Sources */,
				4E040917225DB6CE0029CECB /* AppDelegate.swift in Sources */,
				4E04091F225DB6CE0029CECB /* Custom_NavigationBar.xcdatamodeld in Sources */,
			);
			runOnlyForDeploymentPostprocessing = 0;
		};
/* End PBXSourcesBuildPhase section */

/* Begin PBXVariantGroup section */
		4E04091A225DB6CE0029CECB /* Main.storyboard */ = {
			isa = PBXVariantGroup;
			children = (
				4E04091B225DB6CE0029CECB /* Base */,
			);
			name = Main.storyboard;
			sourceTree = "<group>";
		};
		4E040922225DB6D00029CECB /* LaunchScreen.storyboard */ = {
			isa = PBXVariantGroup;
			children = (
				4E040923225DB6D00029CECB /* Base */,
			);
			name = LaunchScreen.storyboard;
			sourceTree = "<group>";
		};
/* End PBXVariantGroup section */

/* Begin XCBuildConfiguration section */
		4E040926225DB6D00029CECB /* Debug */ = {
			isa = XCBuildConfiguration;
			buildSettings = {
				ALWAYS_SEARCH_USER_PATHS = NO;
				CLANG_ANALYZER_NONNULL = YES;
				CLANG_ANALYZER_NUMBER_OBJECT_CONVERSION = YES_AGGRESSIVE;
				CLANG_CXX_LANGUAGE_STANDARD = "gnu++14";
				CLANG_CXX_LIBRARY = "libc++";
				CLANG_ENABLE_MODULES = YES;
				CLANG_ENABLE_OBJC_ARC = YES;
				CLANG_ENABLE_OBJC_WEAK = YES;
				CLANG_WARN_BLOCK_CAPTURE_AUTORELEASING = YES;
				CLANG_WARN_BOOL_CONVERSION = YES;
				CLANG_WARN_COMMA = YES;
				CLANG_WARN_CONSTANT_CONVERSION = YES;
				CLANG_WARN_DEPRECATED_OBJC_IMPLEMENTATIONS = YES;
				CLANG_WARN_DIRECT_OBJC_ISA_USAGE = YES_ERROR;
				CLANG_WARN_DOCUMENTATION_COMMENTS = YES;
				CLANG_WARN_EMPTY_BODY = YES;
				CLANG_WARN_ENUM_CONVERSION = YES;
				CLANG_WARN_INFINITE_RECURSION = YES;
				CLANG_WARN_INT_CONVERSION = YES;
				CLANG_WARN_NON_LITERAL_NULL_CONVERSION = YES;
				CLANG_WARN_OBJC_IMPLICIT_RETAIN_SELF = YES;
				CLANG_WARN_OBJC_LITERAL_CONVERSION = YES;
				CLANG_WARN_OBJC_ROOT_CLASS = YES_ERROR;
				CLANG_WARN_RANGE_LOOP_ANALYSIS = YES;
				CLANG_WARN_STRICT_PROTOTYPES = YES;
				CLANG_WARN_SUSPICIOUS_MOVE = YES;
				CLANG_WARN_UNGUARDED_AVAILABILITY = YES_AGGRESSIVE;
				CLANG_WARN_UNREACHABLE_CODE = YES;
				CLANG_WARN__DUPLICATE_METHOD_MATCH = YES;
				CODE_SIGN_IDENTITY = "iPhone Developer";
				COPY_PHASE_STRIP = NO;
				DEBUG_INFORMATION_FORMAT = dwarf;
				ENABLE_STRICT_OBJC_MSGSEND = YES;
				ENABLE_TESTABILITY = YES;
				GCC_C_LANGUAGE_STANDARD = gnu11;
				GCC_DYNAMIC_NO_PIC = NO;
				GCC_NO_COMMON_BLOCKS = YES;
				GCC_OPTIMIZATION_LEVEL = 0;
				GCC_PREPROCESSOR_DEFINITIONS = (
					"DEBUG=1",
					"$(inherited)",
				);
				GCC_WARN_64_TO_32_BIT_CONVERSION = YES;
				GCC_WARN_ABOUT_RETURN_TYPE = YES_ERROR;
				GCC_WARN_UNDECLARED_SELECTOR = YES;
				GCC_WARN_UNINITIALIZED_AUTOS = YES_AGGRESSIVE;
				GCC_WARN_UNUSED_FUNCTION = YES;
				GCC_WARN_UNUSED_VARIABLE = YES;
				IPHONEOS_DEPLOYMENT_TARGET = 12.2;
				MTL_ENABLE_DEBUG_INFO = INCLUDE_SOURCE;
				MTL_FAST_MATH = YES;
				ONLY_ACTIVE_ARCH = YES;
				SDKROOT = iphoneos;
				SWIFT_ACTIVE_COMPILATION_CONDITIONS = DEBUG;
				SWIFT_OPTIMIZATION_LEVEL = "-Onone";
			};
			name = Debug;
		};
		4E040927225DB6D00029CECB /* Release */ = {
			isa = XCBuildConfiguration;
			buildSettings = {
				ALWAYS_SEARCH_USER_PATHS = NO;
				CLANG_ANALYZER_NONNULL = YES;
				CLANG_ANALYZER_NUMBER_OBJECT_CONVERSION = YES_AGGRESSIVE;
				CLANG_CXX_LANGUAGE_STANDARD = "gnu++14";
				CLANG_CXX_LIBRARY = "libc++";
				CLANG_ENABLE_MODULES = YES;
				CLANG_ENABLE_OBJC_ARC = YES;
				CLANG_ENABLE_OBJC_WEAK = YES;
				CLANG_WARN_BLOCK_CAPTURE_AUTORELEASING = YES;
				CLANG_WARN_BOOL_CONVERSION = YES;
				CLANG_WARN_COMMA = YES;
				CLANG_WARN_CONSTANT_CONVERSION = YES;
				CLANG_WARN_DEPRECATED_OBJC_IMPLEMENTATIONS = YES;
				CLANG_WARN_DIRECT_OBJC_ISA_USAGE = YES_ERROR;
				CLANG_WARN_DOCUMENTATION_COMMENTS = YES;
				CLANG_WARN_EMPTY_BODY = YES;
				CLANG_WARN_ENUM_CONVERSION = YES;
				CLANG_WARN_INFINITE_RECURSION = YES;
				CLANG_WARN_INT_CONVERSION = YES;
				CLANG_WARN_NON_LITERAL_NULL_CONVERSION = YES;
				CLANG_WARN_OBJC_IMPLICIT_RETAIN_SELF = YES;
				CLANG_WARN_OBJC_LITERAL_CONVERSION = YES;
				CLANG_WARN_OBJC_ROOT_CLASS = YES_ERROR;
				CLANG_WARN_RANGE_LOOP_ANALYSIS = YES;
				CLANG_WARN_STRICT_PROTOTYPES = YES;
				CLANG_WARN_SUSPICIOUS_MOVE = YES;
				CLANG_WARN_UNGUARDED_AVAILABILITY = YES_AGGRESSIVE;
				CLANG_WARN_UNREACHABLE_CODE = YES;
				CLANG_WARN__DUPLICATE_METHOD_MATCH = YES;
				CODE_SIGN_IDENTITY = "iPhone Developer";
				COPY_PHASE_STRIP = NO;
				DEBUG_INFORMATION_FORMAT = "dwarf-with-dsym";
				ENABLE_NS_ASSERTIONS = NO;
				ENABLE_STRICT_OBJC_MSGSEND = YES;
				GCC_C_LANGUAGE_STANDARD = gnu11;
				GCC_NO_COMMON_BLOCKS = YES;
				GCC_WARN_64_TO_32_BIT_CONVERSION = YES;
				GCC_WARN_ABOUT_RETURN_TYPE = YES_ERROR;
				GCC_WARN_UNDECLARED_SELECTOR = YES;
				GCC_WARN_UNINITIALIZED_AUTOS = YES_AGGRESSIVE;
				GCC_WARN_UNUSED_FUNCTION = YES;
				GCC_WARN_UNUSED_VARIABLE = YES;
				IPHONEOS_DEPLOYMENT_TARGET = 12.2;
				MTL_ENABLE_DEBUG_INFO = NO;
				MTL_FAST_MATH = YES;
				SDKROOT = iphoneos;
				SWIFT_COMPILATION_MODE = wholemodule;
				SWIFT_OPTIMIZATION_LEVEL = "-O";
				VALIDATE_PRODUCT = YES;
			};
			name = Release;
		};
		4E040929225DB6D00029CECB /* Debug */ = {
			isa = XCBuildConfiguration;
			buildSettings = {
				ASSETCATALOG_COMPILER_APPICON_NAME = AppIcon;
				CODE_SIGN_STYLE = Automatic;
				INFOPLIST_FILE = "Custom-NavigationBar/Info.plist";
				LD_RUNPATH_SEARCH_PATHS = (
					"$(inherited)",
					"@executable_path/Frameworks",
				);
				PRODUCT_BUNDLE_IDENTIFIER = "com.seongho.Custom-NavigationBar";
				PRODUCT_NAME = "$(TARGET_NAME)";
				SWIFT_VERSION = 5.0;
				TARGETED_DEVICE_FAMILY = 1;
			};
			name = Debug;
		};
		4E04092A225DB6D00029CECB /* Release */ = {
			isa = XCBuildConfiguration;
			buildSettings = {
				ASSETCATALOG_COMPILER_APPICON_NAME = AppIcon;
				CODE_SIGN_STYLE = Automatic;
				INFOPLIST_FILE = "Custom-NavigationBar/Info.plist";
				LD_RUNPATH_SEARCH_PATHS = (
					"$(inherited)",
					"@executable_path/Frameworks",
				);
				PRODUCT_BUNDLE_IDENTIFIER = "com.seongho.Custom-NavigationBar";
				PRODUCT_NAME = "$(TARGET_NAME)";
				SWIFT_VERSION = 5.0;
				TARGETED_DEVICE_FAMILY = 1;
			};
			name = Release;
		};
/* End XCBuildConfiguration section */

/* Begin XCConfigurationList section */
		4E04090E225DB6CE0029CECB /* Build configuration list for PBXProject "Custom-NavigationBar" */ = {
			isa = XCConfigurationList;
			buildConfigurations = (
				4E040926225DB6D00029CECB /* Debug */,
				4E040927225DB6D00029CECB /* Release */,
			);
			defaultConfigurationIsVisible = 0;
			defaultConfigurationName = Release;
		};
		4E040928225DB6D00029CECB /* Build configuration list for PBXNativeTarget "Custom-NavigationBar" */ = {
			isa = XCConfigurationList;
			buildConfigurations = (
				4E040929225DB6D00029CECB /* Debug */,
				4E04092A225DB6D00029CECB /* Release */,
			);
			defaultConfigurationIsVisible = 0;
			defaultConfigurationName = Release;
		};
/* End XCConfigurationList section */

/* Begin XCVersionGroup section */
		4E04091D225DB6CE0029CECB /* Custom_NavigationBar.xcdatamodeld */ = {
			isa = XCVersionGroup;
			children = (
				4E04091E225DB6CE0029CECB /* Custom_NavigationBar.xcdatamodel */,
			);
			currentVersion = 4E04091E225DB6CE0029CECB /* Custom_NavigationBar.xcdatamodel */;
			path = Custom_NavigationBar.xcdatamodeld;
			sourceTree = "<group>";
			versionGroupType = wrapper.xcdatamodel;
		};
/* End XCVersionGroup section */
	};
	rootObject = 4E04090B225DB6CE0029CECB /* Project object */;
}
